
Microsoft Visual Studio Solution File, Format Version 12.00
# Visual Studio 15
VisualStudioVersion = 15.0.26730.16
MinimumVisualStudioVersion = 10.0.40219.1
Project("{FAE04EC0-301F-11D3-BF4B-00C04F79EFBC}") = "RGR", "RGR\RGR.csproj", "{6C852DC2-CDA7-413A-8459-CE32236D035C}"
EndProject
Global
	GlobalSection(SolutionConfigurationPlatforms) = preSolution
		Debug|Any CPU = Debug|Any CPU
		Release|Any CPU = Release|Any CPU
	EndGlobalSection
	GlobalSection(ProjectConfigurationPlatforms) = postSolution
		{6C852DC2-CDA7-413A-8459-CE32236D035C}.Debug|Any CPU.ActiveCfg = Debug|Any CPU
		{6C852DC2-CDA7-413A-8459-CE32236D035C}.Debug|Any CPU.Build.0 = Debug|Any CPU
		{6C852DC2-CDA7-413A-8459-CE32236D035C}.Release|Any CPU.ActiveCfg = Release|Any CPU
		{6C852DC2-CDA7-413A-8459-CE32236D035C}.Release|Any CPU.Build.0 = Release|Any CPU
	EndGlobalSection
	GlobalSection(SolutionProperties) = preSolution
		HideSolutionNode = FALSE
	EndGlobalSection
	GlobalSection(ExtensibilityGlobals) = postSolution
		SolutionGuid = {0BCF67FE-E886-4DCB-8398-63674094E3F6}
	EndGlobalSection
EndGlobal
